
Microsoft Visual Studio Solution File, Format Version 12.00
# Visual Studio Version 17
VisualStudioVersion = 17.11.35303.130
MinimumVisualStudioVersion = 10.0.40219.1
Project("{FAE04EC0-301F-11D3-BF4B-00C04F79EFBC}") = "Pruebas_Unitarias", "Pruebas_Unitarias.csproj", "{67A557DA-A2AB-4CD5-AE72-6BDC20D8FF81}"
EndProject
Global
	GlobalSection(SolutionConfigurationPlatforms) = preSolution
		Debug|Any CPU = Debug|Any CPU
		Release|Any CPU = Release|Any CPU
	EndGlobalSection
	GlobalSection(ProjectConfigurationPlatforms) = postSolution
		{67A557DA-A2AB-4CD5-AE72-6BDC20D8FF81}.Debug|Any CPU.ActiveCfg = Debug|Any CPU
		{67A557DA-A2AB-4CD5-AE72-6BDC20D8FF81}.Debug|Any CPU.Build.0 = Debug|Any CPU
		{67A557DA-A2AB-4CD5-AE72-6BDC20D8FF81}.Release|Any CPU.ActiveCfg = Release|Any CPU
		{67A557DA-A2AB-4CD5-AE72-6BDC20D8FF81}.Release|Any CPU.Build.0 = Release|Any CPU
	EndGlobalSection
	GlobalSection(SolutionProperties) = preSolution
		HideSolutionNode = FALSE
	EndGlobalSection
	GlobalSection(ExtensibilityGlobals) = postSolution
		SolutionGuid = {58A62DFF-9DEA-47E2-A6AB-CF9E4B091578}
	EndGlobalSection
EndGlobal
